schema: '2.0'
stages:
  preprocess:
    cmd: python src/preprocess_data.py
    deps:
    - path: data/raw
      hash: md5
      md5: fcf02510ae4ee0e74d5d3fc1c61715f9.dir
      size: 182170006
      nfiles: 8005
    - path: src/preprocess.py
      hash: md5
      md5: 9314951c7068711ee4254aa737f9f3b7
      size: 576
    - path: src/preprocess_data.py
      hash: md5
      md5: f7e662c478bd0bfe7ac98ea379f74e21
      size: 2209
    outs:
    - path: data/processed
      hash: md5
      md5: 56f32e9016648711dd37f6867cd5b1fc.dir
      size: 19441143
      nfiles: 5000
  train:
    cmd: python src/train.py
    deps:
    - path: data/processed
      hash: md5
      md5: 56f32e9016648711dd37f6867cd5b1fc.dir
      size: 19441143
      nfiles: 5000
    - path: data/val
      hash: md5
      md5: 3c6a548ae2f872a2ffa499d61ba6f8bf.dir
      size: 46264787
      nfiles: 2023
    - path: src/config.py
      hash: md5
      md5: 90322d7e3aa5dd76cf463414ac55a889
      size: 304
    - path: src/dataset.py
      hash: md5
      md5: 4f0ae08fceb9e076115c83d8284c6345
      size: 316
    - path: src/model.py
      hash: md5
      md5: 72ca1567954de7c137a6c3ef7869199f
      size: 369
    - path: src/preprocess_data.py
      hash: md5
      md5: f7e662c478bd0bfe7ac98ea379f74e21
      size: 2209
    - path: src/train.py
      hash: md5
      md5: 8c089fc211a5b8b2ecab8472863fc949
      size: 4152
    outs:
    - path: metrics.json
      hash: md5
      md5: adba0fc834ee2506ee6424b4f96c249b
      size: 28
    - path: models/model.pt
      hash: md5
      md5: b8ea22c6e1efb98c77867cec9a0b81dd
      size: 395093
